
Microsoft Visual Studio Solution File, Format Version 12.00
# Visual Studio Version 17
VisualStudioVersion = 17.9.34622.214
MinimumVisualStudioVersion = 10.0.40219.1
Project("{8BC9CEB8-8B4A-11D0-8D11-00A0C91BC942}") = "Insert node at Mid in Double LinkedList", "Insert node at Mid in Double LinkedList.vcxproj", "{EE58DB01-3BEC-4DAB-8C5A-691FDE7D223F}"
EndProject
Global
	GlobalSection(SolutionConfigurationPlatforms) = preSolution
		Debug|x64 = Debug|x64
		Debug|x86 = Debug|x86
		Release|x64 = Release|x64
		Release|x86 = Release|x86
	EndGlobalSection
	GlobalSection(ProjectConfigurationPlatforms) = postSolution
		{EE58DB01-3BEC-4DAB-8C5A-691FDE7D223F}.Debug|x64.ActiveCfg = Debug|x64
		{EE58DB01-3BEC-4DAB-8C5A-691FDE7D223F}.Debug|x64.Build.0 = Debug|x64
		{EE58DB01-3BEC-4DAB-8C5A-691FDE7D223F}.Debug|x86.ActiveCfg = Debug|Win32
		{EE58DB01-3BEC-4DAB-8C5A-691FDE7D223F}.Debug|x86.Build.0 = Debug|Win32
		{EE58DB01-3BEC-4DAB-8C5A-691FDE7D223F}.Release|x64.ActiveCfg = Release|x64
		{EE58DB01-3BEC-4DAB-8C5A-691FDE7D223F}.Release|x64.Build.0 = Release|x64
		{EE58DB01-3BEC-4DAB-8C5A-691FDE7D223F}.Release|x86.ActiveCfg = Release|Win32
		{EE58DB01-3BEC-4DAB-8C5A-691FDE7D223F}.Release|x86.Build.0 = Release|Win32
	EndGlobalSection
	GlobalSection(SolutionProperties) = preSolution
		HideSolutionNode = FALSE
	EndGlobalSection
	GlobalSection(ExtensibilityGlobals) = postSolution
		SolutionGuid = {937044DC-5206-4688-B1ED-5BCD4E30E0B7}
	EndGlobalSection
EndGlobal
